// !$*UTF8*$!
{
	archiveVersion = 1;
	classes = {
	};
	objectVersion = 46;
	objects = {

/* Begin PBXBuildFile section */
		5FF400FD1904CDA8006DD00F /* Foundation.framework in Frameworks */ = {isa = PBXBuildFile; fileRef = 5FF400FC1904CDA8006DD00F /* Foundation.framework */; };
		5FF400FF1904CDA8006DD00F /* CoreGraphics.framework in Frameworks */ = {isa = PBXBuildFile; fileRef = 5FF400FE1904CDA8006DD00F /* CoreGraphics.framework */; };
		5FF401011904CDA8006DD00F /* UIKit.framework in Frameworks */ = {isa = PBXBuildFile; fileRef = 5FF401001904CDA8006DD00F /* UIKit.framework */; };
		5FF401071904CDA8006DD00F /* InfoPlist.strings in Resources */ = {isa = PBXBuildFile; fileRef = 5FF401051904CDA8006DD00F /* InfoPlist.strings */; };
		5FF401091904CDA8006DD00F /* main.m in Sources */ = {isa = PBXBuildFile; fileRef = 5FF401081904CDA8006DD00F /* main.m */; };
		5FF4010D1904CDA8006DD00F /* AppDelegate.m in Sources */ = {isa = PBXBuildFile; fileRef = 5FF4010C1904CDA8006DD00F /* AppDelegate.m */; };
		5FF401101904CDA8006DD00F /* Main.storyboard in Resources */ = {isa = PBXBuildFile; fileRef = 5FF4010E1904CDA8006DD00F /* Main.storyboard */; };
		5FF401131904CDA8006DD00F /* ViewController.m in Sources */ = {isa = PBXBuildFile; fileRef = 5FF401121904CDA8006DD00F /* ViewController.m */; };
		5FF401151904CDA8006DD00F /* Images.xcassets in Resources */ = {isa = PBXBuildFile; fileRef = 5FF401141904CDA8006DD00F /* Images.xcassets */; };
		5FF4011C1904CDA8006DD00F /* XCTest.framework in Frameworks */ = {isa = PBXBuildFile; fileRef = 5FF4011B1904CDA8006DD00F /* XCTest.framework */; };
		5FF4011D1904CDA8006DD00F /* Foundation.framework in Frameworks */ = {isa = PBXBuildFile; fileRef = 5FF400FC1904CDA8006DD00F /* Foundation.framework */; };
		5FF4011E1904CDA8006DD00F /* UIKit.framework in Frameworks */ = {isa = PBXBuildFile; fileRef = 5FF401001904CDA8006DD00F /* UIKit.framework */; };
		5FF401261904CDA8006DD00F /* InfoPlist.strings in Resources */ = {isa = PBXBuildFile; fileRef = 5FF401241904CDA8006DD00F /* InfoPlist.strings */; };
		5FF401281904CDA8006DD00F /* igpstracestoreTests.m in Sources */ = {isa = PBXBuildFile; fileRef = 5FF401271904CDA8006DD00F /* igpstracestoreTests.m */; };
/* End PBXBuildFile section */

/* Begin PBXContainerItemProxy section */
		5FF4011F1904CDA8006DD00F /* PBXContainerItemProxy */ = {
			isa = PBXContainerItemProxy;
			containerPortal = 5FF400F11904CDA8006DD00F /* Project object */;
			proxyType = 1;
			remoteGlobalIDString = 5FF400F81904CDA8006DD00F;
			remoteInfo = igpstracestore;
		};
/* End PBXContainerItemProxy section */

/* Begin PBXFileReference section */
		5FF400F91904CDA8006DD00F /* igpstracestore.app */ = {isa = PBXFileReference; explicitFileType = wrapper.application; includeInIndex = 0; path = igpstracestore.app; sourceTree = BUILT_PRODUCTS_DIR; };
		5FF400FC1904CDA8006DD00F /* Foundation.framework */ = {isa = PBXFileReference; lastKnownFileType = wrapper.framework; name = Foundation.framework; path = System/Library/Frameworks/Foundation.framework; sourceTree = SDKROOT; };
		5FF400FE1904CDA8006DD00F /* CoreGraphics.framework */ = {isa = PBXFileReference; lastKnownFileType = wrapper.framework; name = CoreGraphics.framework; path = System/Library/Frameworks/CoreGraphics.framework; sourceTree = SDKROOT; };
		5FF401001904CDA8006DD00F /* UIKit.framework */ = {isa = PBXFileReference; lastKnownFileType = wrapper.framework; name = UIKit.framework; path = System/Library/Frameworks/UIKit.framework; sourceTree = SDKROOT; };
		5FF401041904CDA8006DD00F /* igpstracestore-Info.plist */ = {isa = PBXFileReference; lastKnownFileType = text.plist.xml; path = "igpstracestore-Info.plist"; sourceTree = "<group>"; };
		5FF401061904CDA8006DD00F /* en */ = {isa = PBXFileReference; lastKnownFileType = text.plist.strings; name = en; path = en.lproj/InfoPlist.strings; sourceTree = "<group>"; };
		5FF401081904CDA8006DD00F /* main.m */ = {isa = PBXFileReference; lastKnownFileType = sourcecode.c.objc; path = main.m; sourceTree = "<group>"; };
		5FF4010A1904CDA8006DD00F /* igpstracestore-Prefix.pch */ = {isa = PBXFileReference; lastKnownFileType = sourcecode.c.h; path = "igpstracestore-Prefix.pch"; sourceTree = "<group>"; };
		5FF4010B1904CDA8006DD00F /* AppDelegate.h */ = {isa = PBXFileReference; lastKnownFileType = sourcecode.c.h; path = AppDelegate.h; sourceTree = "<group>"; };
		5FF4010C1904CDA8006DD00F /* AppDelegate.m */ = {isa = PBXFileReference; lastKnownFileType = sourcecode.c.objc; path = AppDelegate.m; sourceTree = "<group>"; };
		5FF4010F1904CDA8006DD00F /* Base */ = {isa = PBXFileReference; lastKnownFileType = file.storyboard; name = Base; path = Base.lproj/Main.storyboard; sourceTree = "<group>"; };
		5FF401111904CDA8006DD00F /* ViewController.h */ = {isa = PBXFileReference; lastKnownFileType = sourcecode.c.h; path = ViewController.h; sourceTree = "<group>"; };
		5FF401121904CDA8006DD00F /* ViewController.m */ = {isa = PBXFileReference; lastKnownFileType = sourcecode.c.objc; path = ViewController.m; sourceTree = "<group>"; };
		5FF401141904CDA8006DD00F /* Images.xcassets */ = {isa = PBXFileReference; lastKnownFileType = folder.assetcatalog; path = Images.xcassets; sourceTree = "<group>"; };
		5FF4011A1904CDA8006DD00F /* igpstracestoreTests.xctest */ = {isa = PBXFileReference; explicitFileType = wrapper.cfbundle; includeInIndex = 0; path = igpstracestoreTests.xctest; sourceTree = BUILT_PRODUCTS_DIR; };
		5FF4011B1904CDA8006DD00F /* XCTest.framework */ = {isa = PBXFileReference; lastKnownFileType = wrapper.framework; name = XCTest.framework; path = Library/Frameworks/XCTest.framework; sourceTree = DEVELOPER_DIR; };
		5FF401231904CDA8006DD00F /* igpstracestoreTests-Info.plist */ = {isa = PBXFileReference; lastKnownFileType = text.plist.xml; path = "igpstracestoreTests-Info.plist"; sourceTree = "<group>"; };
		5FF401251904CDA8006DD00F /* en */ = {isa = PBXFileReference; lastKnownFileType = text.plist.strings; name = en; path = en.lproj/InfoPlist.strings; sourceTree = "<group>"; };
		5FF401271904CDA8006DD00F /* igpstracestoreTests.m */ = {isa = PBXFileReference; lastKnownFileType = sourcecode.c.objc; path = igpstracestoreTests.m; sourceTree = "<group>"; };
/* End PBXFileReference section */

/* Begin PBXFrameworksBuildPhase section */
		5FF400F61904CDA8006DD00F /* Frameworks */ = {
			isa = PBXFrameworksBuildPhase;
			buildActionMask = 2147483647;
			files = (
				5FF400FF1904CDA8006DD00F /* CoreGraphics.framework in Frameworks */,
				5FF401011904CDA8006DD00F /* UIKit.framework in Frameworks */,
				5FF400FD1904CDA8006DD00F /* Foundation.framework in Frameworks */,
			);
			runOnlyForDeploymentPostprocessing = 0;
		};
		5FF401171904CDA8006DD00F /* Frameworks */ = {
			isa = PBXFrameworksBuildPhase;
			buildActionMask = 2147483647;
			files = (
				5FF4011C1904CDA8006DD00F /* XCTest.framework in Frameworks */,
				5FF4011E1904CDA8006DD00F /* UIKit.framework in Frameworks */,
				5FF4011D1904CDA8006DD00F /* Foundation.framework in Frameworks */,
			);
			runOnlyForDeploymentPostprocessing = 0;
		};
/* End PBXFrameworksBuildPhase section */

/* Begin PBXGroup section */
		5FF400F01904CDA8006DD00F = {
			isa = PBXGroup;
			children = (
				5FF401021904CDA8006DD00F /* igpstracestore */,
				5FF401211904CDA8006DD00F /* igpstracestoreTests */,
				5FF400FB1904CDA8006DD00F /* Frameworks */,
				5FF400FA1904CDA8006DD00F /* Products */,
			);
			sourceTree = "<group>";
		};
		5FF400FA1904CDA8006DD00F /* Products */ = {
			isa = PBXGroup;
			children = (
				5FF400F91904CDA8006DD00F /* igpstracestore.app */,
				5FF4011A1904CDA8006DD00F /* igpstracestoreTests.xctest */,
			);
			name = Products;
			sourceTree = "<group>";
		};
		5FF400FB1904CDA8006DD00F /* Frameworks */ = {
			isa = PBXGroup;
			children = (
				5FF400FC1904CDA8006DD00F /* Foundation.framework */,
				5FF400FE1904CDA8006DD00F /* CoreGraphics.framework */,
				5FF401001904CDA8006DD00F /* UIKit.framework */,
				5FF4011B1904CDA8006DD00F /* XCTest.framework */,
			);
			name = Frameworks;
			sourceTree = "<group>";
		};
		5FF401021904CDA8006DD00F /* igpstracestore */ = {
			isa = PBXGroup;
			children = (
				5FF4010B1904CDA8006DD00F /* AppDelegate.h */,
				5FF4010C1904CDA8006DD00F /* AppDelegate.m */,
				5FF4010E1904CDA8006DD00F /* Main.storyboard */,
				5FF401111904CDA8006DD00F /* ViewController.h */,
				5FF401121904CDA8006DD00F /* ViewController.m */,
				5FF401141904CDA8006DD00F /* Images.xcassets */,
				5FF401031904CDA8006DD00F /* Supporting Files */,
			);
			path = igpstracestore;
			sourceTree = "<group>";
		};
		5FF401031904CDA8006DD00F /* Supporting Files */ = {
			isa = PBXGroup;
			children = (
				5FF401041904CDA8006DD00F /* igpstracestore-Info.plist */,
				5FF401051904CDA8006DD00F /* InfoPlist.strings */,
				5FF401081904CDA8006DD00F /* main.m */,
				5FF4010A1904CDA8006DD00F /* igpstracestore-Prefix.pch */,
			);
			name = "Supporting Files";
			sourceTree = "<group>";
		};
		5FF401211904CDA8006DD00F /* igpstracestoreTests */ = {
			isa = PBXGroup;
			children = (
				5FF401271904CDA8006DD00F /* igpstracestoreTests.m */,
				5FF401221904CDA8006DD00F /* Supporting Files */,
			);
			path = igpstracestoreTests;
			sourceTree = "<group>";
		};
		5FF401221904CDA8006DD00F /* Supporting Files */ = {
			isa = PBXGroup;
			children = (
				5FF401231904CDA8006DD00F /* igpstracestoreTests-Info.plist */,
				5FF401241904CDA8006DD00F /* InfoPlist.strings */,
			);
			name = "Supporting Files";
			sourceTree = "<group>";
		};
/* End PBXGroup section */

/* Begin PBXNativeTarget section */
		5FF400F81904CDA8006DD00F /* igpstracestore */ = {
			isa = PBXNativeTarget;
			buildConfigurationList = 5FF4012B1904CDA8006DD00F /* Build configuration list for PBXNativeTarget "igpstracestore" */;
			buildPhases = (
				5FF400F51904CDA8006DD00F /* Sources */,
				5FF400F61904CDA8006DD00F /* Frameworks */,
				5FF400F71904CDA8006DD00F /* Resources */,
			);
			buildRules = (
			);
			dependencies = (
			);
			name = igpstracestore;
			productName = igpstracestore;
			productReference = 5FF400F91904CDA8006DD00F /* igpstracestore.app */;
			productType = "com.apple.product-type.application";
		};
		5FF401191904CDA8006DD00F /* igpstracestoreTests */ = {
			isa = PBXNativeTarget;
			buildConfigurationList = 5FF4012E1904CDA8006DD00F /* Build configuration list for PBXNativeTarget "igpstracestoreTests" */;
			buildPhases = (
				5FF401161904CDA8006DD00F /* Sources */,
				5FF401171904CDA8006DD00F /* Frameworks */,
				5FF401181904CDA8006DD00F /* Resources */,
			);
			buildRules = (
			);
			dependencies = (
				5FF401201904CDA8006DD00F /* PBXTargetDependency */,
			);
			name = igpstracestoreTests;
			productName = igpstracestoreTests;
			productReference = 5FF4011A1904CDA8006DD00F /* igpstracestoreTests.xctest */;
			productType = "com.apple.product-type.bundle.unit-test";
		};
/* End PBXNativeTarget section */

/* Begin PBXProject section */
		5FF400F11904CDA8006DD00F /* Project object */ = {
			isa = PBXProject;
			attributes = {
				LastUpgradeCheck = 0510;
				ORGANIZATIONNAME = "Toonsy Net";
				TargetAttributes = {
					5FF401191904CDA8006DD00F = {
						TestTargetID = 5FF400F81904CDA8006DD00F;
					};
				};
			};
			buildConfigurationList = 5FF400F41904CDA8006DD00F /* Build configuration list for PBXProject "igpstracestore" */;
			compatibilityVersion = "Xcode 3.2";
			developmentRegion = English;
			hasScannedForEncodings = 0;
			knownRegions = (
				en,
				Base,
			);
			mainGroup = 5FF400F01904CDA8006DD00F;
			productRefGroup = 5FF400FA1904CDA8006DD00F /* Products */;
			projectDirPath = "";
			projectRoot = "";
			targets = (
				5FF400F81904CDA8006DD00F /* igpstracestore */,
				5FF401191904CDA8006DD00F /* igpstracestoreTests */,
			);
		};
/* End PBXProject section */

/* Begin PBXResourcesBuildPhase section */
		5FF400F71904CDA8006DD00F /* Resources */ = {
			isa = PBXResourcesBuildPhase;
			buildActionMask = 2147483647;
			files = (
				5FF401151904CDA8006DD00F /* Images.xcassets in Resources */,
				5FF401071904CDA8006DD00F /* InfoPlist.strings in Resources */,
				5FF401101904CDA8006DD00F /* Main.storyboard in Resources */,
			);
			runOnlyForDeploymentPostprocessing = 0;
		};
		5FF401181904CDA8006DD00F /* Resources */ = {
			isa = PBXResourcesBuildPhase;
			buildActionMask = 2147483647;
			files = (
				5FF401261904CDA8006DD00F /* InfoPlist.strings in Resources */,
			);
			runOnlyForDeploymentPostprocessing = 0;
		};
/* End PBXResourcesBuildPhase section */

/* Begin PBXSourcesBuildPhase section */
		5FF400F51904CDA8006DD00F /* Sources */ = {
			isa = PBXSourcesBuildPhase;
			buildActionMask = 2147483647;
			files = (
				5FF401131904CDA8006DD00F /* ViewController.m in Sources */,
				5FF4010D1904CDA8006DD00F /* AppDelegate.m in Sources */,
				5FF401091904CDA8006DD00F /* main.m in Sources */,
			);
			runOnlyForDeploymentPostprocessing = 0;
		};
		5FF401161904CDA8006DD00F /* Sources */ = {
			isa = PBXSourcesBuildPhase;
			buildActionMask = 2147483647;
			files = (
				5FF401281904CDA8006DD00F /* igpstracestoreTests.m in Sources */,
			);
			runOnlyForDeploymentPostprocessing = 0;
		};
/* End PBXSourcesBuildPhase section */

/* Begin PBXTargetDependency section */
		5FF401201904CDA8006DD00F /* PBXTargetDependency */ = {
			isa = PBXTargetDependency;
			target = 5FF400F81904CDA8006DD00F /* igpstracestore */;
			targetProxy = 5FF4011F1904CDA8006DD00F /* PBXContainerItemProxy */;
		};
/* End PBXTargetDependency section */

/* Begin PBXVariantGroup section */
		5FF401051904CDA8006DD00F /* InfoPlist.strings */ = {
			isa = PBXVariantGroup;
			children = (
				5FF401061904CDA8006DD00F /* en */,
			);
			name = InfoPlist.strings;
			sourceTree = "<group>";
		};
		5FF4010E1904CDA8006DD00F /* Main.storyboard */ = {
			isa = PBXVariantGroup;
			children = (
				5FF4010F1904CDA8006DD00F /* Base */,
			);
			name = Main.storyboard;
			sourceTree = "<group>";
		};
		5FF401241904CDA8006DD00F /* InfoPlist.strings */ = {
			isa = PBXVariantGroup;
			children = (
				5FF401251904CDA8006DD00F /* en */,
			);
			name = InfoPlist.strings;
			sourceTree = "<group>";
		};
/* End PBXVariantGroup section */

/* Begin XCBuildConfiguration section */
		5FF401291904CDA8006DD00F /* Debug */ = {
			isa = XCBuildConfiguration;
			buildSettings = {
				ALWAYS_SEARCH_USER_PATHS = NO;
				CLANG_CXX_LANGUAGE_STANDARD = "gnu++0x";
				CLANG_CXX_LIBRARY = "libc++";
				CLANG_ENABLE_MODULES = YES;
				CLANG_ENABLE_OBJC_ARC = YES;
				CLANG_WARN_BOOL_CONVERSION = YES;
				CLANG_WARN_CONSTANT_CONVERSION = YES;
				CLANG_WARN_DIRECT_OBJC_ISA_USAGE = YES_ERROR;
				CLANG_WARN_EMPTY_BODY = YES;
				CLANG_WARN_ENUM_CONVERSION = YES;
				CLANG_WARN_INT_CONVERSION = YES;
				CLANG_WARN_OBJC_ROOT_CLASS = YES_ERROR;
				CLANG_WARN__DUPLICATE_METHOD_MATCH = YES;
				"CODE_SIGN_IDENTITY[sdk=iphoneos*]" = "iPhone Developer";
				COPY_PHASE_STRIP = NO;
				GCC_C_LANGUAGE_STANDARD = gnu99;
				GCC_DYNAMIC_NO_PIC = NO;
				GCC_OPTIMIZATION_LEVEL = 0;
				GCC_PREPROCESSOR_DEFINITIONS = (
					"DEBUG=1",
					"$(inherited)",
				);
				GCC_SYMBOLS_PRIVATE_EXTERN = NO;
				GCC_WARN_64_TO_32_BIT_CONVERSION = YES;
				GCC_WARN_ABOUT_RETURN_TYPE = YES_ERROR;
				GCC_WARN_UNDECLARED_SELECTOR = YES;
				GCC_WARN_UNINITIALIZED_AUTOS = YES_AGGRESSIVE;
				GCC_WARN_UNUSED_FUNCTION = YES;
				GCC_WARN_UNUSED_VARIABLE = YES;
				IPHONEOS_DEPLOYMENT_TARGET = 7.1;
				ONLY_ACTIVE_ARCH = YES;
				SDKROOT = iphoneos;
			};
			name = Debug;
		};
		5FF4012A1904CDA8006DD00F /* Release */ = {
			isa = XCBuildConfiguration;
			buildSettings = {
				ALWAYS_SEARCH_USER_PATHS = NO;
				CLANG_CXX_LANGUAGE_STANDARD = "gnu++0x";
				CLANG_CXX_LIBRARY = "libc++";
				CLANG_ENABLE_MODULES = YES;
				CLANG_ENABLE_OBJC_ARC = YES;
				CLANG_WARN_BOOL_CONVERSION = YES;
				CLANG_WARN_CONSTANT_CONVERSION = YES;
				CLANG_WARN_DIRECT_OBJC_ISA_USAGE = YES_ERROR;
				CLANG_WARN_EMPTY_BODY = YES;
				CLANG_WARN_ENUM_CONVERSION = YES;
				CLANG_WARN_INT_CONVERSION = YES;
				CLANG_WARN_OBJC_ROOT_CLASS = YES_ERROR;
				CLANG_WARN__DUPLICATE_METHOD_MATCH = YES;
				"CODE_SIGN_IDENTITY[sdk=iphoneos*]" = "iPhone Developer";
				COPY_PHASE_STRIP = YES;
				ENABLE_NS_ASSERTIONS = NO;
				GCC_C_LANGUAGE_STANDARD = gnu99;
				GCC_WARN_64_TO_32_BIT_CONVERSION = YES;
				GCC_WARN_ABOUT_RETURN_TYPE = YES_ERROR;
				GCC_WARN_UNDECLARED_SELECTOR = YES;
				GCC_WARN_UNINITIALIZED_AUTOS = YES_AGGRESSIVE;
				GCC_WARN_UNUSED_FUNCTION = YES;
				GCC_WARN_UNUSED_VARIABLE = YES;
				IPHONEOS_DEPLOYMENT_TARGET = 7.1;
				SDKROOT = iphoneos;
				VALIDATE_PRODUCT = YES;
			};
			name = Release;
		};
		5FF4012C1904CDA8006DD00F /* Debug */ = {
			isa = XCBuildConfiguration;
			buildSettings = {
				ASSETCATALOG_COMPILER_APPICON_NAME = AppIcon;
				ASSETCATALOG_COMPILER_LAUNCHIMAGE_NAME = LaunchImage;
				GCC_PRECOMPILE_PREFIX_HEADER = YES;
				GCC_PREFIX_HEADER = "igpstracestore/igpstracestore-Prefix.pch";
				INFOPLIST_FILE = "igpstracestore/igpstracestore-Info.plist";
				PRODUCT_NAME = "$(TARGET_NAME)";
				WRAPPER_EXTENSION = app;
			};
			name = Debug;
		};
		5FF4012D1904CDA8006DD00F /* Release */ = {
			isa = XCBuildConfiguration;
			buildSettings = {
				ASSETCATALOG_COMPILER_APPICON_NAME = AppIcon;
				ASSETCATALOG_COMPILER_LAUNCHIMAGE_NAME = LaunchImage;
				GCC_PRECOMPILE_PREFIX_HEADER = YES;
				GCC_PREFIX_HEADER = "igpstracestore/igpstracestore-Prefix.pch";
				INFOPLIST_FILE = "igpstracestore/igpstracestore-Info.plist";
				PRODUCT_NAME = "$(TARGET_NAME)";
				WRAPPER_EXTENSION = app;
			};
			name = Release;
		};
		5FF4012F1904CDA8006DD00F /* Debug */ = {
			isa = XCBuildConfiguration;
			buildSettings = {
				BUNDLE_LOADER = "$(BUILT_PRODUCTS_DIR)/igpstracestore.app/igpstracestore";
				FRAMEWORK_SEARCH_PATHS = (
					"$(SDKROOT)/Developer/Library/Frameworks",
					"$(inherited)",
					"$(DEVELOPER_FRAMEWORKS_DIR)",
				);
				GCC_PRECOMPILE_PREFIX_HEADER = YES;
				GCC_PREFIX_HEADER = "igpstracestore/igpstracestore-Prefix.pch";
				GCC_PREPROCESSOR_DEFINITIONS = (
					"DEBUG=1",
					"$(inherited)",
				);
				INFOPLIST_FILE = "igpstracestoreTests/igpstracestoreTests-Info.plist";
				PRODUCT_NAME = "$(TARGET_NAME)";
				TEST_HOST = "$(BUNDLE_LOADER)";
				WRAPPER_EXTENSION = xctest;
			};
			name = Debug;
		};
		5FF401301904CDA8006DD00F /* Release */ = {
			isa = XCBuildConfiguration;
			buildSettings = {
				BUNDLE_LOADER = "$(BUILT_PRODUCTS_DIR)/igpstracestore.app/igpstracestore";
				FRAMEWORK_SEARCH_PATHS = (
					"$(SDKROOT)/Developer/Library/Frameworks",
					"$(inherited)",
					"$(DEVELOPER_FRAMEWORKS_DIR)",
				);
				GCC_PRECOMPILE_PREFIX_HEADER = YES;
				GCC_PREFIX_HEADER = "igpstracestore/igpstracestore-Prefix.pch";
				INFOPLIST_FILE = "igpstracestoreTests/igpstracestoreTests-Info.plist";
				PRODUCT_NAME = "$(TARGET_NAME)";
				TEST_HOST = "$(BUNDLE_LOADER)";
				WRAPPER_EXTENSION = xctest;
			};
			name = Release;
		};
/* End XCBuildConfiguration section */

/* Begin XCConfigurationList section */
		5FF400F41904CDA8006DD00F /* Build configuration list for PBXProject "igpstracestore" */ = {
			isa = XCConfigurationList;
			buildConfigurations = (
				5FF401291904CDA8006DD00F /* Debug */,
				5FF4012A1904CDA8006DD00F /* Release */,
			);
			defaultConfigurationIsVisible = 0;
			defaultConfigurationName = Release;
		};
		5FF4012B1904CDA8006DD00F /* Build configuration list for PBXNativeTarget "igpstracestore" */ = {
			isa = XCConfigurationList;
			buildConfigurations = (
				5FF4012C1904CDA8006DD00F /* Debug */,
				5FF4012D1904CDA8006DD00F /* Release */,
			);
			defaultConfigurationIsVisible = 0;
		};
		5FF4012E1904CDA8006DD00F /* Build configuration list for PBXNativeTarget "igpstracestoreTests" */ = {
			isa = XCConfigurationList;
			buildConfigurations = (
				5FF4012F1904CDA8006DD00F /* Debug */,
				5FF401301904CDA8006DD00F /* Release */,
			);
			defaultConfigurationIsVisible = 0;
		};
/* End XCConfigurationList section */
	};
	rootObject = 5FF400F11904CDA8006DD00F /* Project object */;
}
